
Microsoft Visual Studio Solution File, Format Version 12.00
# Visual Studio Version 17
VisualStudioVersion = 17.14.36511.14
MinimumVisualStudioVersion = 10.0.40219.1
Project("{2150E333-8FDC-42A3-9474-1A3956D46DE8}") = "Task0", "Task0", "{02EA681E-C7D8-13C7-8484-4AC65E1B71E8}"
EndProject
Project("{FAE04EC0-301F-11D3-BF4B-00C04F79EFBC}") = "Tyuiu.MazurkevichVS.Sprint1.Task0.V10.Test", "Tyuiu.MazurkevichVS.Sprint1.Task0.V10.Test\Tyuiu.MazurkevichVS.Sprint1.Task0.V10.Test.csproj", "{011BCA3E-E3CF-4E26-AB3B-579E020AA301}"
EndProject
Project("{FAE04EC0-301F-11D3-BF4B-00C04F79EFBC}") = "Tyuiu.MazurkevichVS.Sprint1.Task0.V10", "Tyuiu.MazurkevichVS.Sprint1.Task0.V10\Tyuiu.MazurkevichVS.Sprint1.Task0.V10.csproj", "{D1A32CEA-0D54-4F88-89E3-4ED0428AE802}"
EndProject
Project("{FAE04EC0-301F-11D3-BF4B-00C04F79EFBC}") = "Tyuiu.MazurkevichVS.Sprint1.Task0.V10.Lib", "Tyuiu.MazurkevichVS.Sprint1.Task0.V10.Lib\Tyuiu.MazurkevichVS.Sprint1.Task0.V10.Lib.csproj", "{C6009744-1352-48B6-839C-757D894C3B83}"
EndProject
Project("{2150E333-8FDC-42A3-9474-1A3956D46DE8}") = "Task1", "Task1", "{12192861-5E0D-4DFF-9C69-22C2FEADA73C}"
EndProject
Project("{FAE04EC0-301F-11D3-BF4B-00C04F79EFBC}") = "Tyuiu.MazurkevichVS.Sprint1.Task1.V17", "Tyuiu.MazurkevichVS.Sprint1.Task1.V17\Tyuiu.MazurkevichVS.Sprint1.Task1.V17.csproj", "{0440C6D0-E2D4-4EEE-B195-2EE6EEECBAFF}"
EndProject
Project("{FAE04EC0-301F-11D3-BF4B-00C04F79EFBC}") = "Tyuiu.MazurkevichVS.Sprint1.Task1.V17.Test", "Tyuiu.MazurkevichVS.Sprint1.Task1.V17.Test\Tyuiu.MazurkevichVS.Sprint1.Task1.V17.Test.csproj", "{292FB53F-F2D2-49ED-841D-B032AA7355DD}"
EndProject
Project("{FAE04EC0-301F-11D3-BF4B-00C04F79EFBC}") = "Tyuiu.MazurkevichVS.Sprint1.Task1.V17.Lib", "Tyuiu.MazurkevichVS.Sprint1.Task1.V17.Lib\Tyuiu.MazurkevichVS.Sprint1.Task1.V17.Lib.csproj", "{291FC11E-242D-4FB4-9322-A96385BACF83}"
EndProject
Project("{2150E333-8FDC-42A3-9474-1A3956D46DE8}") = "Task2", "Task2", "{9414A775-85FE-4CE5-B576-8FF1D2770EC3}"
EndProject
Project("{FAE04EC0-301F-11D3-BF4B-00C04F79EFBC}") = "Tyuiu.MazurkevichVS.Sprint1.Task2.V1.Test", "Tyuiu.MazurkevichVS.Sprint1.Task2.V1.Test\Tyuiu.MazurkevichVS.Sprint1.Task2.V1.Test.csproj", "{28C9B98B-0D4F-4C0C-B54C-23FFC6AF5D67}"
EndProject
Project("{FAE04EC0-301F-11D3-BF4B-00C04F79EFBC}") = "Tyuiu.MazurkevichVS.Sprint1.Task2.V1.Lib", "Tyuiu.MazurkevichVS.Sprint1.Task2.V1.Lib\Tyuiu.MazurkevichVS.Sprint1.Task2.V1.Lib.csproj", "{96117827-FE52-4AF7-BEF0-9293ADF963A8}"
EndProject
Project("{FAE04EC0-301F-11D3-BF4B-00C04F79EFBC}") = "Tyuiu.MazurkevichVS.Sprint1.Task2.V1", "Tyuiu.MazurkevichVS.Sprint1.Task2.V1\Tyuiu.MazurkevichVS.Sprint1.Task2.V1.csproj", "{4E83EB8E-9CEA-445E-BE35-C41890717E46}"
EndProject
Project("{2150E333-8FDC-42A3-9474-1A3956D46DE8}") = "Task3", "Task3", "{BA8CC3F1-CB21-4605-BC77-5A4A2A16EC7F}"
EndProject
Project("{FAE04EC0-301F-11D3-BF4B-00C04F79EFBC}") = "Tyuiu.MazurkevichVS.Sprint1.Task3.V4", "Tyuiu.MazurkevichVS.Sprint1.Task3.V4\Tyuiu.MazurkevichVS.Sprint1.Task3.V4.csproj", "{D6AE47E0-6376-43EB-B5A9-E4C3CFFA77F4}"
EndProject
Project("{FAE04EC0-301F-11D3-BF4B-00C04F79EFBC}") = "Tyuiu.MazurkevichVS.Sprint1.Task3.V4.Test", "Tyuiu.MazurkevichVS.Sprint1.Task3.V4.Test\Tyuiu.MazurkevichVS.Sprint1.Task3.V4.Test.csproj", "{55999C73-BDCF-4E38-8B9F-AE1D43174046}"
EndProject
Project("{FAE04EC0-301F-11D3-BF4B-00C04F79EFBC}") = "Tyuiu.MazurkevichVS.Sprint1.Task3.V4.Lib", "Tyuiu.MazurkevichVS.Sprint1.Task3.V4.Lib\Tyuiu.MazurkevichVS.Sprint1.Task3.V4.Lib.csproj", "{E6F4B6FB-2350-4F85-9E36-3A1FCAB799C5}"
EndProject
Project("{2150E333-8FDC-42A3-9474-1A3956D46DE8}") = "Task4", "Task4", "{BAE5DD6F-7364-4B71-8323-7FC9A12C224F}"
EndProject
Project("{FAE04EC0-301F-11D3-BF4B-00C04F79EFBC}") = "Tyuiu.MazurkevichVS.Sprint1.Task4.V14", "Tyuiu.MazurkevichVS.Sprint1.Task4.V14\Tyuiu.MazurkevichVS.Sprint1.Task4.V14.csproj", "{3E06AE39-5E59-41BC-9407-7E1180D3EAB7}"
EndProject
Project("{FAE04EC0-301F-11D3-BF4B-00C04F79EFBC}") = "Tyuiu.MazurkevichVS.Sprint1.Task4.V14.Lib", "Tyuiu.MazurkevichVS.Sprint1.Task4.V14.Lib\Tyuiu.MazurkevichVS.Sprint1.Task4.V14.Lib.csproj", "{74D47677-7512-464C-82BF-A27D4711180F}"
EndProject
Project("{FAE04EC0-301F-11D3-BF4B-00C04F79EFBC}") = "Tyuiu.MazurkevichVS.Sprint1.Task4.V14.Test", "Tyuiu.MazurkevichVS.Sprint1.Task4.V14.Test\Tyuiu.MazurkevichVS.Sprint1.Task4.V14.Test.csproj", "{223F5EFC-5C81-4F19-AC65-C2A2353207A9}"
EndProject
Global
	GlobalSection(SolutionConfigurationPlatforms) = preSolution
		Debug|Any CPU = Debug|Any CPU
		Release|Any CPU = Release|Any CPU
	EndGlobalSection
	GlobalSection(ProjectConfigurationPlatforms) = postSolution
		{011BCA3E-E3CF-4E26-AB3B-579E020AA301}.Debug|Any CPU.ActiveCfg = Debug|Any CPU
		{011BCA3E-E3CF-4E26-AB3B-579E020AA301}.Debug|Any CPU.Build.0 = Debug|Any CPU
		{011BCA3E-E3CF-4E26-AB3B-579E020AA301}.Release|Any CPU.ActiveCfg = Release|Any CPU
		{011BCA3E-E3CF-4E26-AB3B-579E020AA301}.Release|Any CPU.Build.0 = Release|Any CPU
		{D1A32CEA-0D54-4F88-89E3-4ED0428AE802}.Debug|Any CPU.ActiveCfg = Debug|Any CPU
		{D1A32CEA-0D54-4F88-89E3-4ED0428AE802}.Debug|Any CPU.Build.0 = Debug|Any CPU
		{D1A32CEA-0D54-4F88-89E3-4ED0428AE802}.Release|Any CPU.ActiveCfg = Release|Any CPU
		{D1A32CEA-0D54-4F88-89E3-4ED0428AE802}.Release|Any CPU.Build.0 = Release|Any CPU
		{C6009744-1352-48B6-839C-757D894C3B83}.Debug|Any CPU.ActiveCfg = Debug|Any CPU
		{C6009744-1352-48B6-839C-757D894C3B83}.Debug|Any CPU.Build.0 = Debug|Any CPU
		{C6009744-1352-48B6-839C-757D894C3B83}.Release|Any CPU.ActiveCfg = Release|Any CPU
		{C6009744-1352-48B6-839C-757D894C3B83}.Release|Any CPU.Build.0 = Release|Any CPU
		{0440C6D0-E2D4-4EEE-B195-2EE6EEECBAFF}.Debug|Any CPU.ActiveCfg = Debug|Any CPU
		{0440C6D0-E2D4-4EEE-B195-2EE6EEECBAFF}.Debug|Any CPU.Build.0 = Debug|Any CPU
		{0440C6D0-E2D4-4EEE-B195-2EE6EEECBAFF}.Release|Any CPU.ActiveCfg = Release|Any CPU
		{0440C6D0-E2D4-4EEE-B195-2EE6EEECBAFF}.Release|Any CPU.Build.0 = Release|Any CPU
		{292FB53F-F2D2-49ED-841D-B032AA7355DD}.Debug|Any CPU.ActiveCfg = Debug|Any CPU
		{292FB53F-F2D2-49ED-841D-B032AA7355DD}.Debug|Any CPU.Build.0 = Debug|Any CPU
		{292FB53F-F2D2-49ED-841D-B032AA7355DD}.Release|Any CPU.ActiveCfg = Release|Any CPU
		{292FB53F-F2D2-49ED-841D-B032AA7355DD}.Release|Any CPU.Build.0 = Release|Any CPU
		{291FC11E-242D-4FB4-9322-A96385BACF83}.Debug|Any CPU.ActiveCfg = Debug|Any CPU
		{291FC11E-242D-4FB4-9322-A96385BACF83}.Debug|Any CPU.Build.0 = Debug|Any CPU
		{291FC11E-242D-4FB4-9322-A96385BACF83}.Release|Any CPU.ActiveCfg = Release|Any CPU
		{291FC11E-242D-4FB4-9322-A96385BACF83}.Release|Any CPU.Build.0 = Release|Any CPU
		{28C9B98B-0D4F-4C0C-B54C-23FFC6AF5D67}.Debug|Any CPU.ActiveCfg = Debug|Any CPU
		{28C9B98B-0D4F-4C0C-B54C-23FFC6AF5D67}.Debug|Any CPU.Build.0 = Debug|Any CPU
		{28C9B98B-0D4F-4C0C-B54C-23FFC6AF5D67}.Release|Any CPU.ActiveCfg = Release|Any CPU
		{28C9B98B-0D4F-4C0C-B54C-23FFC6AF5D67}.Release|Any CPU.Build.0 = Release|Any CPU
		{96117827-FE52-4AF7-BEF0-9293ADF963A8}.Debug|Any CPU.ActiveCfg = Debug|Any CPU
		{96117827-FE52-4AF7-BEF0-9293ADF963A8}.Debug|Any CPU.Build.0 = Debug|Any CPU
		{96117827-FE52-4AF7-BEF0-9293ADF963A8}.Release|Any CPU.ActiveCfg = Release|Any CPU
		{96117827-FE52-4AF7-BEF0-9293ADF963A8}.Release|Any CPU.Build.0 = Release|Any CPU
		{4E83EB8E-9CEA-445E-BE35-C41890717E46}.Debug|Any CPU.ActiveCfg = Debug|Any CPU
		{4E83EB8E-9CEA-445E-BE35-C41890717E46}.Debug|Any CPU.Build.0 = Debug|Any CPU
		{4E83EB8E-9CEA-445E-BE35-C41890717E46}.Release|Any CPU.ActiveCfg = Release|Any CPU
		{4E83EB8E-9CEA-445E-BE35-C41890717E46}.Release|Any CPU.Build.0 = Release|Any CPU
		{D6AE47E0-6376-43EB-B5A9-E4C3CFFA77F4}.Debug|Any CPU.ActiveCfg = Debug|Any CPU
		{D6AE47E0-6376-43EB-B5A9-E4C3CFFA77F4}.Debug|Any CPU.Build.0 = Debug|Any CPU
		{D6AE47E0-6376-43EB-B5A9-E4C3CFFA77F4}.Release|Any CPU.ActiveCfg = Release|Any CPU
		{D6AE47E0-6376-43EB-B5A9-E4C3CFFA77F4}.Release|Any CPU.Build.0 = Release|Any CPU
		{55999C73-BDCF-4E38-8B9F-AE1D43174046}.Debug|Any CPU.ActiveCfg = Debug|Any CPU
		{55999C73-BDCF-4E38-8B9F-AE1D43174046}.Debug|Any CPU.Build.0 = Debug|Any CPU
		{55999C73-BDCF-4E38-8B9F-AE1D43174046}.Release|Any CPU.ActiveCfg = Release|Any CPU
		{55999C73-BDCF-4E38-8B9F-AE1D43174046}.Release|Any CPU.Build.0 = Release|Any CPU
		{E6F4B6FB-2350-4F85-9E36-3A1FCAB799C5}.Debug|Any CPU.ActiveCfg = Debug|Any CPU
		{E6F4B6FB-2350-4F85-9E36-3A1FCAB799C5}.Debug|Any CPU.Build.0 = Debug|Any CPU
		{E6F4B6FB-2350-4F85-9E36-3A1FCAB799C5}.Release|Any CPU.ActiveCfg = Release|Any CPU
		{E6F4B6FB-2350-4F85-9E36-3A1FCAB799C5}.Release|Any CPU.Build.0 = Release|Any CPU
		{3E06AE39-5E59-41BC-9407-7E1180D3EAB7}.Debug|Any CPU.ActiveCfg = Debug|Any CPU
		{3E06AE39-5E59-41BC-9407-7E1180D3EAB7}.Debug|Any CPU.Build.0 = Debug|Any CPU
		{3E06AE39-5E59-41BC-9407-7E1180D3EAB7}.Release|Any CPU.ActiveCfg = Release|Any CPU
		{3E06AE39-5E59-41BC-9407-7E1180D3EAB7}.Release|Any CPU.Build.0 = Release|Any CPU
		{74D47677-7512-464C-82BF-A27D4711180F}.Debug|Any CPU.ActiveCfg = Debug|Any CPU
		{74D47677-7512-464C-82BF-A27D4711180F}.Debug|Any CPU.Build.0 = Debug|Any CPU
		{74D47677-7512-464C-82BF-A27D4711180F}.Release|Any CPU.ActiveCfg = Release|Any CPU
		{74D47677-7512-464C-82BF-A27D4711180F}.Release|Any CPU.Build.0 = Release|Any CPU
		{223F5EFC-5C81-4F19-AC65-C2A2353207A9}.Debug|Any CPU.ActiveCfg = Debug|Any CPU
		{223F5EFC-5C81-4F19-AC65-C2A2353207A9}.Debug|Any CPU.Build.0 = Debug|Any CPU
		{223F5EFC-5C81-4F19-AC65-C2A2353207A9}.Release|Any CPU.ActiveCfg = Release|Any CPU
		{223F5EFC-5C81-4F19-AC65-C2A2353207A9}.Release|Any CPU.Build.0 = Release|Any CPU
	EndGlobalSection
	GlobalSection(SolutionProperties) = preSolution
		HideSolutionNode = FALSE
	EndGlobalSection
	GlobalSection(NestedProjects) = preSolution
		{011BCA3E-E3CF-4E26-AB3B-579E020AA301} = {02EA681E-C7D8-13C7-8484-4AC65E1B71E8}
		{D1A32CEA-0D54-4F88-89E3-4ED0428AE802} = {02EA681E-C7D8-13C7-8484-4AC65E1B71E8}
		{C6009744-1352-48B6-839C-757D894C3B83} = {02EA681E-C7D8-13C7-8484-4AC65E1B71E8}
		{0440C6D0-E2D4-4EEE-B195-2EE6EEECBAFF} = {12192861-5E0D-4DFF-9C69-22C2FEADA73C}
		{292FB53F-F2D2-49ED-841D-B032AA7355DD} = {12192861-5E0D-4DFF-9C69-22C2FEADA73C}
		{291FC11E-242D-4FB4-9322-A96385BACF83} = {12192861-5E0D-4DFF-9C69-22C2FEADA73C}
		{28C9B98B-0D4F-4C0C-B54C-23FFC6AF5D67} = {9414A775-85FE-4CE5-B576-8FF1D2770EC3}
		{96117827-FE52-4AF7-BEF0-9293ADF963A8} = {9414A775-85FE-4CE5-B576-8FF1D2770EC3}
		{4E83EB8E-9CEA-445E-BE35-C41890717E46} = {9414A775-85FE-4CE5-B576-8FF1D2770EC3}
		{D6AE47E0-6376-43EB-B5A9-E4C3CFFA77F4} = {BA8CC3F1-CB21-4605-BC77-5A4A2A16EC7F}
		{55999C73-BDCF-4E38-8B9F-AE1D43174046} = {BA8CC3F1-CB21-4605-BC77-5A4A2A16EC7F}
		{E6F4B6FB-2350-4F85-9E36-3A1FCAB799C5} = {BA8CC3F1-CB21-4605-BC77-5A4A2A16EC7F}
		{3E06AE39-5E59-41BC-9407-7E1180D3EAB7} = {BAE5DD6F-7364-4B71-8323-7FC9A12C224F}
		{74D47677-7512-464C-82BF-A27D4711180F} = {BAE5DD6F-7364-4B71-8323-7FC9A12C224F}
		{223F5EFC-5C81-4F19-AC65-C2A2353207A9} = {BAE5DD6F-7364-4B71-8323-7FC9A12C224F}
	EndGlobalSection
	GlobalSection(ExtensibilityGlobals) = postSolution
		SolutionGuid = {1471A58A-EBC1-4692-8E5F-0ED2DA9043D0}
	EndGlobalSection
EndGlobal
